
Microsoft Visual Studio Solution File, Format Version 12.00
# Visual Studio Version 17
VisualStudioVersion = 17.10.35122.118
MinimumVisualStudioVersion = 10.0.40219.1
Project("{2150E333-8FDC-42A3-9474-1A3956D46DE8}") = "Services", "Services", "{8265398C-606C-4AD7-99AE-F1580BF19AFD}"
EndProject
Project("{2150E333-8FDC-42A3-9474-1A3956D46DE8}") = "Catalog", "Catalog", "{7C980FDC-2004-4661-9AD3-75CC654514DF}"
EndProject
Project("{FAE04EC0-301F-11D3-BF4B-00C04F79EFBC}") = "Catalog.API", "Services\Catalog\Catalog.API\Catalog.API.csproj", "{0A3EA45A-B030-4B4E-B4C5-C5F6C373D7EF}"
EndProject
Global
	GlobalSection(SolutionConfigurationPlatforms) = preSolution
		Debug|Any CPU = Debug|Any CPU
		Release|Any CPU = Release|Any CPU
	EndGlobalSection
	GlobalSection(ProjectConfigurationPlatforms) = postSolution
		{0A3EA45A-B030-4B4E-B4C5-C5F6C373D7EF}.Debug|Any CPU.ActiveCfg = Debug|Any CPU
		{0A3EA45A-B030-4B4E-B4C5-C5F6C373D7EF}.Debug|Any CPU.Build.0 = Debug|Any CPU
		{0A3EA45A-B030-4B4E-B4C5-C5F6C373D7EF}.Release|Any CPU.ActiveCfg = Release|Any CPU
		{0A3EA45A-B030-4B4E-B4C5-C5F6C373D7EF}.Release|Any CPU.Build.0 = Release|Any CPU
	EndGlobalSection
	GlobalSection(SolutionProperties) = preSolution
		HideSolutionNode = FALSE
	EndGlobalSection
	GlobalSection(NestedProjects) = preSolution
		{7C980FDC-2004-4661-9AD3-75CC654514DF} = {8265398C-606C-4AD7-99AE-F1580BF19AFD}
		{0A3EA45A-B030-4B4E-B4C5-C5F6C373D7EF} = {7C980FDC-2004-4661-9AD3-75CC654514DF}
	EndGlobalSection
	GlobalSection(ExtensibilityGlobals) = postSolution
		SolutionGuid = {76E87491-B23A-4856-8E57-35A5509A0ECD}
	EndGlobalSection
EndGlobal
