
Microsoft Visual Studio Solution File, Format Version 12.00
# Visual Studio Version 17
VisualStudioVersion = 17.10.35122.118
MinimumVisualStudioVersion = 10.0.40219.1
Project("{2150E333-8FDC-42A3-9474-1A3956D46DE8}") = "Services", "Services", "{8265398C-606C-4AD7-99AE-F1580BF19AFD}"
EndProject
Project("{2150E333-8FDC-42A3-9474-1A3956D46DE8}") = "Catalog", "Catalog", "{7C980FDC-2004-4661-9AD3-75CC654514DF}"
EndProject
Project("{9A19103F-16F7-4668-BE54-9A1E7A4F7556}") = "Catalog.API", "Services\Catalog\Catalog.API\Catalog.API.csproj", "{0A3EA45A-B030-4B4E-B4C5-C5F6C373D7EF}"
EndProject
Project("{2150E333-8FDC-42A3-9474-1A3956D46DE8}") = "BuildingBlocks", "BuildingBlocks", "{1561BD16-9273-4C10-B3C5-12273C9A16A6}"
EndProject
Project("{9A19103F-16F7-4668-BE54-9A1E7A4F7556}") = "BuildingBlocks", "BuildingBlocks\BuildingBlocks\BuildingBlocks.csproj", "{B1628FE0-4BA4-4CBA-917C-61A788B00949}"
EndProject
Project("{E53339B2-1760-4266-BCC7-CA923CBCF16C}") = "docker-compose", "docker-compose.dcproj", "{44A6CF2C-50BA-411E-9F44-A1E2BEEC2C76}"
EndProject
Project("{2150E333-8FDC-42A3-9474-1A3956D46DE8}") = "Basket", "Basket", "{77AD9E04-EAEA-4F17-A75D-336726EBD65D}"
EndProject
Project("{FAE04EC0-301F-11D3-BF4B-00C04F79EFBC}") = "Basket.API", "Services\Basket\Basket.API\Basket.API.csproj", "{DF377991-5C8F-4818-895D-8F03C6853BF8}"
EndProject
Project("{2150E333-8FDC-42A3-9474-1A3956D46DE8}") = "Discount", "Discount", "{DC777398-42F2-47D4-B61A-91F334C6D1C7}"
EndProject
Project("{FAE04EC0-301F-11D3-BF4B-00C04F79EFBC}") = "Discount.Grpc", "Services\Discount\Discount.Grpc\Discount.Grpc.csproj", "{55760C8E-C564-4F09-A2F4-4BE7139928DC}"
EndProject
Global
	GlobalSection(SolutionConfigurationPlatforms) = preSolution
		Debug|Any CPU = Debug|Any CPU
		Release|Any CPU = Release|Any CPU
	EndGlobalSection
	GlobalSection(ProjectConfigurationPlatforms) = postSolution
		{0A3EA45A-B030-4B4E-B4C5-C5F6C373D7EF}.Debug|Any CPU.ActiveCfg = Debug|Any CPU
		{0A3EA45A-B030-4B4E-B4C5-C5F6C373D7EF}.Debug|Any CPU.Build.0 = Debug|Any CPU
		{0A3EA45A-B030-4B4E-B4C5-C5F6C373D7EF}.Release|Any CPU.ActiveCfg = Release|Any CPU
		{0A3EA45A-B030-4B4E-B4C5-C5F6C373D7EF}.Release|Any CPU.Build.0 = Release|Any CPU
		{B1628FE0-4BA4-4CBA-917C-61A788B00949}.Debug|Any CPU.ActiveCfg = Debug|Any CPU
		{B1628FE0-4BA4-4CBA-917C-61A788B00949}.Debug|Any CPU.Build.0 = Debug|Any CPU
		{B1628FE0-4BA4-4CBA-917C-61A788B00949}.Release|Any CPU.ActiveCfg = Release|Any CPU
		{B1628FE0-4BA4-4CBA-917C-61A788B00949}.Release|Any CPU.Build.0 = Release|Any CPU
		{44A6CF2C-50BA-411E-9F44-A1E2BEEC2C76}.Debug|Any CPU.ActiveCfg = Debug|Any CPU
		{44A6CF2C-50BA-411E-9F44-A1E2BEEC2C76}.Debug|Any CPU.Build.0 = Debug|Any CPU
		{44A6CF2C-50BA-411E-9F44-A1E2BEEC2C76}.Release|Any CPU.ActiveCfg = Release|Any CPU
		{44A6CF2C-50BA-411E-9F44-A1E2BEEC2C76}.Release|Any CPU.Build.0 = Release|Any CPU
		{DF377991-5C8F-4818-895D-8F03C6853BF8}.Debug|Any CPU.ActiveCfg = Debug|Any CPU
		{DF377991-5C8F-4818-895D-8F03C6853BF8}.Debug|Any CPU.Build.0 = Debug|Any CPU
		{DF377991-5C8F-4818-895D-8F03C6853BF8}.Release|Any CPU.ActiveCfg = Release|Any CPU
		{DF377991-5C8F-4818-895D-8F03C6853BF8}.Release|Any CPU.Build.0 = Release|Any CPU
		{55760C8E-C564-4F09-A2F4-4BE7139928DC}.Debug|Any CPU.ActiveCfg = Debug|Any CPU
		{55760C8E-C564-4F09-A2F4-4BE7139928DC}.Debug|Any CPU.Build.0 = Debug|Any CPU
		{55760C8E-C564-4F09-A2F4-4BE7139928DC}.Release|Any CPU.ActiveCfg = Release|Any CPU
		{55760C8E-C564-4F09-A2F4-4BE7139928DC}.Release|Any CPU.Build.0 = Release|Any CPU
	EndGlobalSection
	GlobalSection(SolutionProperties) = preSolution
		HideSolutionNode = FALSE
	EndGlobalSection
	GlobalSection(NestedProjects) = preSolution
		{7C980FDC-2004-4661-9AD3-75CC654514DF} = {8265398C-606C-4AD7-99AE-F1580BF19AFD}
		{0A3EA45A-B030-4B4E-B4C5-C5F6C373D7EF} = {7C980FDC-2004-4661-9AD3-75CC654514DF}
		{B1628FE0-4BA4-4CBA-917C-61A788B00949} = {1561BD16-9273-4C10-B3C5-12273C9A16A6}
		{77AD9E04-EAEA-4F17-A75D-336726EBD65D} = {8265398C-606C-4AD7-99AE-F1580BF19AFD}
		{DF377991-5C8F-4818-895D-8F03C6853BF8} = {77AD9E04-EAEA-4F17-A75D-336726EBD65D}
		{DC777398-42F2-47D4-B61A-91F334C6D1C7} = {8265398C-606C-4AD7-99AE-F1580BF19AFD}
		{55760C8E-C564-4F09-A2F4-4BE7139928DC} = {DC777398-42F2-47D4-B61A-91F334C6D1C7}
	EndGlobalSection
	GlobalSection(ExtensibilityGlobals) = postSolution
		SolutionGuid = {76E87491-B23A-4856-8E57-35A5509A0ECD}
	EndGlobalSection
EndGlobal
